
Microsoft Visual Studio Solution File, Format Version 12.00
# Visual Studio Version 16
VisualStudioVersion = 16.0.33328.57
MinimumVisualStudioVersion = 10.0.40219.1
Project("{FAE04EC0-301F-11D3-BF4B-00C04F79EFBC}") = "dumamay", "dumamay\dumamay.csproj", "{05FFCC98-A718-4188-BAD5-9372E385B822}"
EndProject
Global
	GlobalSection(SolutionConfigurationPlatforms) = preSolution
		Debug|Any CPU = Debug|Any CPU
		Release|Any CPU = Release|Any CPU
	EndGlobalSection
	GlobalSection(ProjectConfigurationPlatforms) = postSolution
		{05FFCC98-A718-4188-BAD5-9372E385B822}.Debug|Any CPU.ActiveCfg = Debug|Any CPU
		{05FFCC98-A718-4188-BAD5-9372E385B822}.Debug|Any CPU.Build.0 = Debug|Any CPU
		{05FFCC98-A718-4188-BAD5-9372E385B822}.Release|Any CPU.ActiveCfg = Release|Any CPU
		{05FFCC98-A718-4188-BAD5-9372E385B822}.Release|Any CPU.Build.0 = Release|Any CPU
	EndGlobalSection
	GlobalSection(SolutionProperties) = preSolution
		HideSolutionNode = FALSE
	EndGlobalSection
	GlobalSection(ExtensibilityGlobals) = postSolution
		SolutionGuid = {6E06D37E-5549-4003-87EA-9596E62133EA}
	EndGlobalSection
EndGlobal
