
Microsoft Visual Studio Solution File, Format Version 12.00
# Visual Studio Version 16
VisualStudioVersion = 16.0.33529.622
MinimumVisualStudioVersion = 10.0.40219.1
Project("{FAE04EC0-301F-11D3-BF4B-00C04F79EFBC}") = "DuAn1", "DuAn1\DuAn1.csproj", "{8572AA1D-7C27-47F8-AC38-77F17786724A}"
EndProject
Global
	GlobalSection(SolutionConfigurationPlatforms) = preSolution
		Debug|Any CPU = Debug|Any CPU
		Release|Any CPU = Release|Any CPU
	EndGlobalSection
	GlobalSection(ProjectConfigurationPlatforms) = postSolution
		{8572AA1D-7C27-47F8-AC38-77F17786724A}.Debug|Any CPU.ActiveCfg = Debug|Any CPU
		{8572AA1D-7C27-47F8-AC38-77F17786724A}.Debug|Any CPU.Build.0 = Debug|Any CPU
		{8572AA1D-7C27-47F8-AC38-77F17786724A}.Release|Any CPU.ActiveCfg = Release|Any CPU
		{8572AA1D-7C27-47F8-AC38-77F17786724A}.Release|Any CPU.Build.0 = Release|Any CPU
	EndGlobalSection
	GlobalSection(SolutionProperties) = preSolution
		HideSolutionNode = FALSE
	EndGlobalSection
	GlobalSection(ExtensibilityGlobals) = postSolution
		SolutionGuid = {161B64CF-F014-4293-A449-5086B869C9FB}
	EndGlobalSection
EndGlobal
