
Microsoft Visual Studio Solution File, Format Version 12.00
# Visual Studio Version 16
VisualStudioVersion = 16.0.33130.400
MinimumVisualStudioVersion = 10.0.40219.1
<<<<<<<< HEAD:FormDangNhap/FormDangNhap.sln
Project("{FAE04EC0-301F-11D3-BF4B-00C04F79EFBC}") = "FormDangNhap", "FormDangNhap\FormDangNhap.csproj", "{D5D89984-17C1-49EA-838C-1252E7423CB9}"
========
Project("{FAE04EC0-301F-11D3-BF4B-00C04F79EFBC}") = "QLThuVien", "QLThuVien\QLThuVien.csproj", "{48AED1BB-F9CB-435B-9283-292917C7DE1E}"
>>>>>>>> remotes/origin/hieu:Gentleman_DuAn1_Hieu/Gentleman_DuAn1_Hieu.sln
EndProject
Global
	GlobalSection(SolutionConfigurationPlatforms) = preSolution
		Debug|Any CPU = Debug|Any CPU
		Release|Any CPU = Release|Any CPU
	EndGlobalSection
	GlobalSection(ProjectConfigurationPlatforms) = postSolution
<<<<<<<< HEAD:FormDangNhap/FormDangNhap.sln
		{D5D89984-17C1-49EA-838C-1252E7423CB9}.Debug|Any CPU.ActiveCfg = Debug|Any CPU
		{D5D89984-17C1-49EA-838C-1252E7423CB9}.Debug|Any CPU.Build.0 = Debug|Any CPU
		{D5D89984-17C1-49EA-838C-1252E7423CB9}.Release|Any CPU.ActiveCfg = Release|Any CPU
		{D5D89984-17C1-49EA-838C-1252E7423CB9}.Release|Any CPU.Build.0 = Release|Any CPU
========
		{48AED1BB-F9CB-435B-9283-292917C7DE1E}.Debug|Any CPU.ActiveCfg = Debug|Any CPU
		{48AED1BB-F9CB-435B-9283-292917C7DE1E}.Debug|Any CPU.Build.0 = Debug|Any CPU
		{48AED1BB-F9CB-435B-9283-292917C7DE1E}.Release|Any CPU.ActiveCfg = Release|Any CPU
		{48AED1BB-F9CB-435B-9283-292917C7DE1E}.Release|Any CPU.Build.0 = Release|Any CPU
>>>>>>>> remotes/origin/hieu:Gentleman_DuAn1_Hieu/Gentleman_DuAn1_Hieu.sln
	EndGlobalSection
	GlobalSection(SolutionProperties) = preSolution
		HideSolutionNode = FALSE
	EndGlobalSection
	GlobalSection(ExtensibilityGlobals) = postSolution
<<<<<<<< HEAD:FormDangNhap/FormDangNhap.sln
		SolutionGuid = {59BE4E2C-6E89-4228-A21C-2AECDBB16DFC}
========
		SolutionGuid = {AEA35610-A3B8-4977-B50D-B8109E07EC27}
>>>>>>>> remotes/origin/hieu:Gentleman_DuAn1_Hieu/Gentleman_DuAn1_Hieu.sln
	EndGlobalSection
EndGlobal
